{
    "_readme": [
        "This file locks the dependencies of your project to a known state",
        "Read more about it at https://getcomposer.org/doc/01-basic-usage.md#installing-dependencies",
        "This file is @generated automatically"
    ],
    "content-hash": "dd8c7db891416184b7a961f22b53cfcf",
    "packages": [
        {
            "name": "pantheon-systems/upstream-management",
            "version": "1.0",
            "source": {
                "type": "git",
                "url": "https://github.com/pantheon-systems/upstream-management.git",
                "reference": "9b2ab585c1c927934e9cdff7f40a0a2ba6c1504c"
            },
            "dist": {
                "type": "zip",
                "url": "https://api.github.com/repos/pantheon-systems/upstream-management/zipball/9b2ab585c1c927934e9cdff7f40a0a2ba6c1504c",
                "reference": "9b2ab585c1c927934e9cdff7f40a0a2ba6c1504c",
                "shasum": ""
            },
            "require": {
                "composer-plugin-api": "^2.3"
            },
            "require-dev": {
                "composer/composer": "^2.5",
                "phpunit/phpunit": "^9.5",
                "squizlabs/php_codesniffer": "^3.7",
                "symfony/filesystem": "^5|^6",
                "symfony/process": "^5|^6"
            },
            "type": "composer-plugin",
            "extra": {
                "class": "PantheonSystems\\UpstreamManagement\\Plugin\\UpstreamManagementPlugin"
            },
            "autoload": {
                "psr-4": {
                    "PantheonSystems\\UpstreamManagement\\": "src/",
                    "PantheonSystems\\UpstreamManagement\\Tests\\": "tests/"
                }
            },
            "notification-url": "https://packagist.org/downloads/",
            "license": [
                "MIT"
            ],
            "authors": [
                {
                    "name": "Pantheon",
                    "email": "cms-ecosystem@pantheon.io"
                }
            ],
            "description": "Composer plugin that holds a series of scripts to manage upstreams in Pantheon",
            "support": {
                "issues": "https://github.com/pantheon-systems/upstream-management/issues",
                "source": "https://github.com/pantheon-systems/upstream-management/tree/1.0"
            },
            "time": "2023-02-16T14:34:44+00:00"
        }
    ],
    "packages-dev": [],
    "aliases": [],
    "minimum-stability": "stable",
    "stability-flags": [],
    "prefer-stable": false,
    "prefer-lowest": false,
    "platform": [],
    "platform-dev": [],
    "plugin-api-version": "2.6.0"
}
